
Microsoft Visual Studio Solution File, Format Version 12.00
# Visual Studio Version 16
VisualStudioVersion = 16.0.31424.327
MinimumVisualStudioVersion = 10.0.40219.1
Project("{9A19103F-16F7-4668-BE54-9A1E7A4F7556}") = "Targil0", "Targil0\Targil0.csproj", "{34E9670A-196E-41F5-B2C2-B698B0B43F94}"
EndProject
Project("{2150E333-8FDC-42A3-9474-1A3956D46DE8}") = "Solution Items", "Solution Items", "{A3D87A8B-5CCB-432E-9980-011F422F6D44}"
	ProjectSection(SolutionItems) = preProject
		..\README.md = ..\README.md
	EndProjectSection
EndProject
Project("{2150E333-8FDC-42A3-9474-1A3956D46DE8}") = "Solution Items (2)", "Solution Items (2)", "{177AC3E8-8327-43D0-A35A-F83F3606AEFB}"
	ProjectSection(SolutionItems) = preProject
		..\README.md = ..\README.md
	EndProjectSection
EndProject
Project("{9A19103F-16F7-4668-BE54-9A1E7A4F7556}") = "BL", "BL\BL.csproj", "{D17E8139-EDF4-4842-A1C7-8887AA31D371}"
EndProject
Project("{9A19103F-16F7-4668-BE54-9A1E7A4F7556}") = "StringUtilities", "StringUtilities\StringUtilities.csproj", "{76623B9E-BB71-4946-8462-AF82195582B2}"
EndProject
Project("{9A19103F-16F7-4668-BE54-9A1E7A4F7556}") = "ConsoleUI_BL", "Console_UI_BL\ConsoleUI_BL.csproj", "{9B4BCA34-E521-41D9-858D-E0DE2A776903}"
EndProject
Project("{9A19103F-16F7-4668-BE54-9A1E7A4F7556}") = "DalObject", "DalObject\DalObject.csproj", "{2519A9DB-6E77-43B4-BCBA-F0B77397B516}"
EndProject
Project("{9A19103F-16F7-4668-BE54-9A1E7A4F7556}") = "DalApi", "DlApi\DalApi.csproj", "{72663A85-19C8-44D9-B1D3-D4810F031275}"
EndProject
Project("{9A19103F-16F7-4668-BE54-9A1E7A4F7556}") = "PL", "PL\PL.csproj", "{413B9D8D-4D44-42C8-88C4-E926A2DE5388}"
EndProject
Project("{9A19103F-16F7-4668-BE54-9A1E7A4F7556}") = "Singleton", "Singelton\Singleton.csproj", "{3D709D0D-132C-41EC-AD88-7F07C77512D2}"
EndProject
Project("{FAE04EC0-301F-11D3-BF4B-00C04F79EFBC}") = "DalXml", "DalXml\DalXml.csproj", "{A37C315C-7497-4DB5-A6B9-AA1296FE201D}"
EndProject
Global
	GlobalSection(SolutionConfigurationPlatforms) = preSolution
		Debug|Any CPU = Debug|Any CPU
		Release|Any CPU = Release|Any CPU
	EndGlobalSection
	GlobalSection(ProjectConfigurationPlatforms) = postSolution
		{34E9670A-196E-41F5-B2C2-B698B0B43F94}.Debug|Any CPU.ActiveCfg = Debug|Any CPU
		{34E9670A-196E-41F5-B2C2-B698B0B43F94}.Debug|Any CPU.Build.0 = Debug|Any CPU
		{34E9670A-196E-41F5-B2C2-B698B0B43F94}.Release|Any CPU.ActiveCfg = Release|Any CPU
		{34E9670A-196E-41F5-B2C2-B698B0B43F94}.Release|Any CPU.Build.0 = Release|Any CPU
		{D17E8139-EDF4-4842-A1C7-8887AA31D371}.Debug|Any CPU.ActiveCfg = Debug|Any CPU
		{D17E8139-EDF4-4842-A1C7-8887AA31D371}.Debug|Any CPU.Build.0 = Debug|Any CPU
		{D17E8139-EDF4-4842-A1C7-8887AA31D371}.Release|Any CPU.ActiveCfg = Release|Any CPU
		{D17E8139-EDF4-4842-A1C7-8887AA31D371}.Release|Any CPU.Build.0 = Release|Any CPU
		{76623B9E-BB71-4946-8462-AF82195582B2}.Debug|Any CPU.ActiveCfg = Debug|Any CPU
		{76623B9E-BB71-4946-8462-AF82195582B2}.Debug|Any CPU.Build.0 = Debug|Any CPU
		{76623B9E-BB71-4946-8462-AF82195582B2}.Release|Any CPU.ActiveCfg = Release|Any CPU
		{76623B9E-BB71-4946-8462-AF82195582B2}.Release|Any CPU.Build.0 = Release|Any CPU
		{9B4BCA34-E521-41D9-858D-E0DE2A776903}.Debug|Any CPU.ActiveCfg = Debug|Any CPU
		{9B4BCA34-E521-41D9-858D-E0DE2A776903}.Debug|Any CPU.Build.0 = Debug|Any CPU
		{9B4BCA34-E521-41D9-858D-E0DE2A776903}.Release|Any CPU.ActiveCfg = Release|Any CPU
		{9B4BCA34-E521-41D9-858D-E0DE2A776903}.Release|Any CPU.Build.0 = Release|Any CPU
		{2519A9DB-6E77-43B4-BCBA-F0B77397B516}.Debug|Any CPU.ActiveCfg = Debug|Any CPU
		{2519A9DB-6E77-43B4-BCBA-F0B77397B516}.Debug|Any CPU.Build.0 = Debug|Any CPU
		{2519A9DB-6E77-43B4-BCBA-F0B77397B516}.Release|Any CPU.ActiveCfg = Release|Any CPU
		{2519A9DB-6E77-43B4-BCBA-F0B77397B516}.Release|Any CPU.Build.0 = Release|Any CPU
		{72663A85-19C8-44D9-B1D3-D4810F031275}.Debug|Any CPU.ActiveCfg = Debug|Any CPU
		{72663A85-19C8-44D9-B1D3-D4810F031275}.Debug|Any CPU.Build.0 = Debug|Any CPU
		{72663A85-19C8-44D9-B1D3-D4810F031275}.Release|Any CPU.ActiveCfg = Release|Any CPU
		{72663A85-19C8-44D9-B1D3-D4810F031275}.Release|Any CPU.Build.0 = Release|Any CPU
		{413B9D8D-4D44-42C8-88C4-E926A2DE5388}.Debug|Any CPU.ActiveCfg = Debug|Any CPU
		{413B9D8D-4D44-42C8-88C4-E926A2DE5388}.Debug|Any CPU.Build.0 = Debug|Any CPU
		{413B9D8D-4D44-42C8-88C4-E926A2DE5388}.Release|Any CPU.ActiveCfg = Release|Any CPU
		{413B9D8D-4D44-42C8-88C4-E926A2DE5388}.Release|Any CPU.Build.0 = Release|Any CPU
		{3D709D0D-132C-41EC-AD88-7F07C77512D2}.Debug|Any CPU.ActiveCfg = Debug|Any CPU
		{3D709D0D-132C-41EC-AD88-7F07C77512D2}.Debug|Any CPU.Build.0 = Debug|Any CPU
		{3D709D0D-132C-41EC-AD88-7F07C77512D2}.Release|Any CPU.ActiveCfg = Release|Any CPU
		{3D709D0D-132C-41EC-AD88-7F07C77512D2}.Release|Any CPU.Build.0 = Release|Any CPU
		{A37C315C-7497-4DB5-A6B9-AA1296FE201D}.Debug|Any CPU.ActiveCfg = Debug|Any CPU
		{A37C315C-7497-4DB5-A6B9-AA1296FE201D}.Debug|Any CPU.Build.0 = Debug|Any CPU
		{A37C315C-7497-4DB5-A6B9-AA1296FE201D}.Release|Any CPU.ActiveCfg = Release|Any CPU
		{A37C315C-7497-4DB5-A6B9-AA1296FE201D}.Release|Any CPU.Build.0 = Release|Any CPU
	EndGlobalSection
	GlobalSection(SolutionProperties) = preSolution
		HideSolutionNode = FALSE
	EndGlobalSection
	GlobalSection(ExtensibilityGlobals) = postSolution
		SolutionGuid = {373FC711-C19E-458A-B0EF-9C5575DC45F0}
	EndGlobalSection
EndGlobal
